
Microsoft Visual Studio Solution File, Format Version 12.00
# Visual Studio Version 17
VisualStudioVersion = 17.6.33829.357
MinimumVisualStudioVersion = 10.0.40219.1
Project("{FAE04EC0-301F-11D3-BF4B-00C04F79EFBC}") = "multiDimensionalIndexes", "multiDimensionalIndexes\multiDimensionalIndexes.csproj", "{4BCD5808-C892-4EDE-A7BE-022AAAD85A8A}"
EndProject
Global
	GlobalSection(SolutionConfigurationPlatforms) = preSolution
		Debug|Any CPU = Debug|Any CPU
		Release|Any CPU = Release|Any CPU
	EndGlobalSection
	GlobalSection(ProjectConfigurationPlatforms) = postSolution
		{4BCD5808-C892-4EDE-A7BE-022AAAD85A8A}.Debug|Any CPU.ActiveCfg = Debug|Any CPU
		{4BCD5808-C892-4EDE-A7BE-022AAAD85A8A}.Debug|Any CPU.Build.0 = Debug|Any CPU
		{4BCD5808-C892-4EDE-A7BE-022AAAD85A8A}.Release|Any CPU.ActiveCfg = Release|Any CPU
		{4BCD5808-C892-4EDE-A7BE-022AAAD85A8A}.Release|Any CPU.Build.0 = Release|Any CPU
	EndGlobalSection
	GlobalSection(SolutionProperties) = preSolution
		HideSolutionNode = FALSE
	EndGlobalSection
	GlobalSection(ExtensibilityGlobals) = postSolution
		SolutionGuid = {925F3EE8-0F91-43D3-B087-1974B0A536FB}
	EndGlobalSection
EndGlobal
